
Microsoft Visual Studio Solution File, Format Version 12.00
# Visual Studio Version 17
VisualStudioVersion = 17.0.31903.59
MinimumVisualStudioVersion = 10.0.40219.1
Project("{FAE04EC0-301F-11D3-BF4B-00C04F79EFBC}") = "ObjectsWithPatternMatching", "ObjectsWithPatternMatching\ObjectsWithPatternMatching.csproj", "{783DC1D3-D342-4897-A12C-DC6174869E69}"
EndProject
Project("{FAE04EC0-301F-11D3-BF4B-00C04F79EFBC}") = "ObjectsWithPatternMatching.Tests", "ObjectsWithPatternMatching.Tests\ObjectsWithPatternMatching.Tests.csproj", "{7DCAC3D3-C745-456A-9F3C-984B2B81E6A8}"
EndProject
Global
	GlobalSection(SolutionConfigurationPlatforms) = preSolution
		Debug|Any CPU = Debug|Any CPU
		Release|Any CPU = Release|Any CPU
	EndGlobalSection
	GlobalSection(SolutionProperties) = preSolution
		HideSolutionNode = FALSE
	EndGlobalSection
	GlobalSection(ProjectConfigurationPlatforms) = postSolution
		{783DC1D3-D342-4897-A12C-DC6174869E69}.Debug|Any CPU.ActiveCfg = Debug|Any CPU
		{783DC1D3-D342-4897-A12C-DC6174869E69}.Debug|Any CPU.Build.0 = Debug|Any CPU
		{783DC1D3-D342-4897-A12C-DC6174869E69}.Release|Any CPU.ActiveCfg = Release|Any CPU
		{783DC1D3-D342-4897-A12C-DC6174869E69}.Release|Any CPU.Build.0 = Release|Any CPU
		{7DCAC3D3-C745-456A-9F3C-984B2B81E6A8}.Debug|Any CPU.ActiveCfg = Debug|Any CPU
		{7DCAC3D3-C745-456A-9F3C-984B2B81E6A8}.Debug|Any CPU.Build.0 = Debug|Any CPU
		{7DCAC3D3-C745-456A-9F3C-984B2B81E6A8}.Release|Any CPU.ActiveCfg = Release|Any CPU
		{7DCAC3D3-C745-456A-9F3C-984B2B81E6A8}.Release|Any CPU.Build.0 = Release|Any CPU
	EndGlobalSection
EndGlobal
