
Microsoft Visual Studio Solution File, Format Version 12.00
# Visual Studio Version 17
VisualStudioVersion = 17.0.31903.59
MinimumVisualStudioVersion = 10.0.40219.1
Project("{FAE04EC0-301F-11D3-BF4B-00C04F79EFBC}") = "JsonWithStreamsConsole", "JsonWithStreamsConsole\JsonWithStreamsConsole.csproj", "{97F8F936-C7E4-4965-801E-CA7D30CBC01D}"
EndProject
Project("{FAE04EC0-301F-11D3-BF4B-00C04F79EFBC}") = "JsonWithStreams.Tests", "JsonWithStreams.Tests\JsonWithStreams.Tests.csproj", "{DEED531A-D211-4E8D-BC3F-A1158250A9F7}"
EndProject
Global
	GlobalSection(SolutionConfigurationPlatforms) = preSolution
		Debug|Any CPU = Debug|Any CPU
		Release|Any CPU = Release|Any CPU
	EndGlobalSection
	GlobalSection(SolutionProperties) = preSolution
		HideSolutionNode = FALSE
	EndGlobalSection
	GlobalSection(ProjectConfigurationPlatforms) = postSolution
		{97F8F936-C7E4-4965-801E-CA7D30CBC01D}.Debug|Any CPU.ActiveCfg = Debug|Any CPU
		{97F8F936-C7E4-4965-801E-CA7D30CBC01D}.Debug|Any CPU.Build.0 = Debug|Any CPU
		{97F8F936-C7E4-4965-801E-CA7D30CBC01D}.Release|Any CPU.ActiveCfg = Release|Any CPU
		{97F8F936-C7E4-4965-801E-CA7D30CBC01D}.Release|Any CPU.Build.0 = Release|Any CPU
		{DEED531A-D211-4E8D-BC3F-A1158250A9F7}.Debug|Any CPU.ActiveCfg = Debug|Any CPU
		{DEED531A-D211-4E8D-BC3F-A1158250A9F7}.Debug|Any CPU.Build.0 = Debug|Any CPU
		{DEED531A-D211-4E8D-BC3F-A1158250A9F7}.Release|Any CPU.ActiveCfg = Release|Any CPU
		{DEED531A-D211-4E8D-BC3F-A1158250A9F7}.Release|Any CPU.Build.0 = Release|Any CPU
	EndGlobalSection
EndGlobal
