
Microsoft Visual Studio Solution File, Format Version 12.00
# Visual Studio Version 17
VisualStudioVersion = 17.0.31903.59
MinimumVisualStudioVersion = 10.0.40219.1
Project("{FAE04EC0-301F-11D3-BF4B-00C04F79EFBC}") = "OrderProcessing.Core", "OrderProcessing.Core\OrderProcessing.Core.csproj", "{66A48832-483A-4F45-BCAB-9886E0C467A5}"
EndProject
Project("{FAE04EC0-301F-11D3-BF4B-00C04F79EFBC}") = "OrderProcessing.ConsoleApp", "OrderProcessing.ConsoleApp\OrderProcessing.ConsoleApp.csproj", "{E72365C4-0524-43DA-8858-622028371E36}"
EndProject
Project("{FAE04EC0-301F-11D3-BF4B-00C04F79EFBC}") = "OrderProcessing.Tests", "OrderProcessing.Tests\OrderProcessing.Tests.csproj", "{68A74540-68D6-4D81-A3C4-21F4D267BDA2}"
EndProject
Global
	GlobalSection(SolutionConfigurationPlatforms) = preSolution
		Debug|Any CPU = Debug|Any CPU
		Release|Any CPU = Release|Any CPU
	EndGlobalSection
	GlobalSection(SolutionProperties) = preSolution
		HideSolutionNode = FALSE
	EndGlobalSection
	GlobalSection(ProjectConfigurationPlatforms) = postSolution
		{66A48832-483A-4F45-BCAB-9886E0C467A5}.Debug|Any CPU.ActiveCfg = Debug|Any CPU
		{66A48832-483A-4F45-BCAB-9886E0C467A5}.Debug|Any CPU.Build.0 = Debug|Any CPU
		{66A48832-483A-4F45-BCAB-9886E0C467A5}.Release|Any CPU.ActiveCfg = Release|Any CPU
		{66A48832-483A-4F45-BCAB-9886E0C467A5}.Release|Any CPU.Build.0 = Release|Any CPU
		{E72365C4-0524-43DA-8858-622028371E36}.Debug|Any CPU.ActiveCfg = Debug|Any CPU
		{E72365C4-0524-43DA-8858-622028371E36}.Debug|Any CPU.Build.0 = Debug|Any CPU
		{E72365C4-0524-43DA-8858-622028371E36}.Release|Any CPU.ActiveCfg = Release|Any CPU
		{E72365C4-0524-43DA-8858-622028371E36}.Release|Any CPU.Build.0 = Release|Any CPU
		{68A74540-68D6-4D81-A3C4-21F4D267BDA2}.Debug|Any CPU.ActiveCfg = Debug|Any CPU
		{68A74540-68D6-4D81-A3C4-21F4D267BDA2}.Debug|Any CPU.Build.0 = Debug|Any CPU
		{68A74540-68D6-4D81-A3C4-21F4D267BDA2}.Release|Any CPU.ActiveCfg = Release|Any CPU
		{68A74540-68D6-4D81-A3C4-21F4D267BDA2}.Release|Any CPU.Build.0 = Release|Any CPU
	EndGlobalSection
EndGlobal
